
Microsoft Visual Studio Solution File, Format Version 11.00
# Visual Studio 2010
Project("{FAE04EC0-301F-11D3-BF4B-00C04F79EFBC}") = "Jet_HUD", "Jet_HUD.csproj", "{DCD63C52-7E28-4595-9E52-827D55B89533}"
EndProject
Global
	GlobalSection(SolutionConfigurationPlatforms) = preSolution
		Debug|Any CPU = Debug|Any CPU
		Release|Any CPU = Release|Any CPU
	EndGlobalSection
	GlobalSection(ProjectConfigurationPlatforms) = postSolution
		{DCD63C52-7E28-4595-9E52-827D55B89533}.Debug|Any CPU.ActiveCfg = Debug|Any CPU
		{DCD63C52-7E28-4595-9E52-827D55B89533}.Debug|Any CPU.Build.0 = Debug|Any CPU
		{DCD63C52-7E28-4595-9E52-827D55B89533}.Release|Any CPU.ActiveCfg = Release|Any CPU
		{DCD63C52-7E28-4595-9E52-827D55B89533}.Release|Any CPU.Build.0 = Release|Any CPU
	EndGlobalSection
	GlobalSection(SolutionProperties) = preSolution
		HideSolutionNode = FALSE
	EndGlobalSection
EndGlobal
